{
  "name": "roaming_prepago_miniprogram",
  "lockfileVersion": 3,
  "requires": true,
  "packages": {
    "": {
      "dependencies": {
        "antd-mini": "^1.8.1"
      }
    },
    "node_modules/@mini-types/alipay": {
      "version": "3.0.7",
      "resolved": "https://registry.npmjs.org/@mini-types/alipay/-/alipay-3.0.7.tgz",
      "integrity": "sha512-rb9QFFnseQJRgVqTCkMgghiPm3A+1tNKuuyea+NmyBRpOi/SCLA1GynfJ3fD1MAHzhw/ZVLykWq/FPRVSbgmGg==",
      "dependencies": {
        "@mini-types/global": "3.0.7",
        "@mini-types/my": "3.0.7"
      }
    },
    "node_modules/@mini-types/global": {
      "version": "3.0.7",
      "resolved": "https://registry.npmjs.org/@mini-types/global/-/global-3.0.7.tgz",
      "integrity": "sha512-epq6awyrTDhwZ0bRNgPxkDdS252tibo8ZbZ24uehX+651rEEZ0hi58AH7dW7IAcNvSN4JVLJizkaMdh531oi8w=="
    },
    "node_modules/@mini-types/my": {
      "version": "3.0.7",
      "resolved": "https://registry.npmjs.org/@mini-types/my/-/my-3.0.7.tgz",
      "integrity": "sha512-1ah4ojw2P55CthFsEB5FEn0ww5DIIKQPGEKpNbZJevgpHRfinWFVCpOZ7Rd0RaaMRPKiWaKARy7vD4eaDOirZg=="
    },
    "node_modules/antd-mini": {
      "version": "1.8.1",
      "resolved": "https://registry.npmjs.org/antd-mini/-/antd-mini-1.8.1.tgz",
      "integrity": "sha512-peZ7cYk1puCUHFP0GqyAmeOvuHfqNv1I3OUB1qpBRqJquNqErtEL+smYghmtOUOsUCLgvMT1PnL8BkV8yNdgNA==",
      "dependencies": {
        "@mini-types/alipay": "^3.0.5",
        "async-validator": "^4.0.7",
        "dayjs": "^1.11.3",
        "fast-deep-equal": "3.1.3",
        "tslib": "^2.3.1"
      }
    },
    "node_modules/async-validator": {
      "version": "4.2.5",
      "resolved": "https://registry.npmjs.org/async-validator/-/async-validator-4.2.5.tgz",
      "integrity": "sha512-7HhHjtERjqlNbZtqNqy2rckN/SpOOlmDliet+lP7k+eKZEjPk3DgyeU9lIXLdeLz0uBbbVp+9Qdow9wJWgwwfg=="
    },
    "node_modules/dayjs": {
      "version": "1.11.7",
      "resolved": "https://registry.npmjs.org/dayjs/-/dayjs-1.11.7.tgz",
      "integrity": "sha512-+Yw9U6YO5TQohxLcIkrXBeY73WP3ejHWVvx8XCk3gxvQDCTEmS48ZrSZCKciI7Bhl/uCMyxYtE9UqRILmFphkQ=="
    },
    "node_modules/fast-deep-equal": {
      "version": "3.1.3",
      "resolved": "https://registry.npmjs.org/fast-deep-equal/-/fast-deep-equal-3.1.3.tgz",
      "integrity": "sha512-f3qQ9oQy9j2AhBe/H9VC91wLmKBCCU/gDOnKNAYG5hswO7BLKj09Hc5HYNz9cGI++xlpDCIgDaitVs03ATR84Q=="
    },
    "node_modules/tslib": {
      "version": "2.5.2",
      "resolved": "https://registry.npmjs.org/tslib/-/tslib-2.5.2.tgz",
      "integrity": "sha512-5svOrSA2w3iGFDs1HibEVBGbDrAY82bFQ3HZ3ixB+88nsbsWQoKqDRb5UBYAUPEzbBn6dAp5gRNXglySbx1MlA=="
    }
  }
}
